Microsoft Visual Studio Solution File, Format Version 12.00
# Visual Studio 14
Project("{8BC9CEB8-8B4A-11D0-8D11-00A0C91BC942}") = "ALL_BUILD", "ALL_BUILD.vcxproj", "{8A76BFAD-ED2B-3D1E-B9FB-928331057681}"
	ProjectSection(ProjectDependencies) = postProject
		{EDF23CBC-111C-38CC-9D4D-68220055C30B} = {EDF23CBC-111C-38CC-9D4D-68220055C30B}
		{C1D28BD0-0670-32BF-9A01-CD08482154F8} = {C1D28BD0-0670-32BF-9A01-CD08482154F8}
	EndProjectSection
EndProject
Project("{8BC9CEB8-8B4A-11D0-8D11-00A0C91BC942}") = "ZERO_CHECK", "ZERO_CHECK.vcxproj", "{EDF23CBC-111C-38CC-9D4D-68220055C30B}"
	ProjectSection(ProjectDependencies) = postProject
	EndProjectSection
EndProject
Project("{8BC9CEB8-8B4A-11D0-8D11-00A0C91BC942}") = "calq", "calq.vcxproj", "{C1D28BD0-0670-32BF-9A01-CD08482154F8}"
	ProjectSection(ProjectDependencies) = postProject
		{EDF23CBC-111C-38CC-9D4D-68220055C30B} = {EDF23CBC-111C-38CC-9D4D-68220055C30B}
		{3FEDFD70-50C8-3A77-B99A-691CEFEC0C7B} = {3FEDFD70-50C8-3A77-B99A-691CEFEC0C7B}
		{52998F72-AF9F-350B-A463-969A504144E4} = {52998F72-AF9F-350B-A463-969A504144E4}
		{0EA247E9-66C9-3806-936B-66E0E569CE6F} = {0EA247E9-66C9-3806-936B-66E0E569CE6F}
	EndProjectSection
EndProject
Project("{8BC9CEB8-8B4A-11D0-8D11-00A0C91BC942}") = "git", "git.vcxproj", "{3FEDFD70-50C8-3A77-B99A-691CEFEC0C7B}"
	ProjectSection(ProjectDependencies) = postProject
		{EDF23CBC-111C-38CC-9D4D-68220055C30B} = {EDF23CBC-111C-38CC-9D4D-68220055C30B}
	EndProjectSection
EndProject
Project("{8BC9CEB8-8B4A-11D0-8D11-00A0C91BC942}") = "timestamp", "timestamp.vcxproj", "{52998F72-AF9F-350B-A463-969A504144E4}"
	ProjectSection(ProjectDependencies) = postProject
		{EDF23CBC-111C-38CC-9D4D-68220055C30B} = {EDF23CBC-111C-38CC-9D4D-68220055C30B}
	EndProjectSection
EndProject
Project("{8BC9CEB8-8B4A-11D0-8D11-00A0C91BC942}") = "version", "version.vcxproj", "{0EA247E9-66C9-3806-936B-66E0E569CE6F}"
	ProjectSection(ProjectDependencies) = postProject
		{EDF23CBC-111C-38CC-9D4D-68220055C30B} = {EDF23CBC-111C-38CC-9D4D-68220055C30B}
	EndProjectSection
EndProject
Global
	GlobalSection(SolutionConfigurationPlatforms) = preSolution
		Debug|Win32 = Debug|Win32
		Release|Win32 = Release|Win32
		MinSizeRel|Win32 = MinSizeRel|Win32
		RelWithDebInfo|Win32 = RelWithDebInfo|Win32
	EndGlobalSection
	GlobalSection(ProjectConfigurationPlatforms) = postSolution
		{8A76BFAD-ED2B-3D1E-B9FB-928331057681}.Debug|Win32.ActiveCfg = Debug|Win32
		{8A76BFAD-ED2B-3D1E-B9FB-928331057681}.Release|Win32.ActiveCfg = Release|Win32
		{8A76BFAD-ED2B-3D1E-B9FB-928331057681}.MinSizeRel|Win32.ActiveCfg = MinSizeRel|Win32
		{8A76BFAD-ED2B-3D1E-B9FB-928331057681}.RelWithDebInfo|Win32.ActiveCfg = RelWithDebInfo|Win32
		{EDF23CBC-111C-38CC-9D4D-68220055C30B}.Debug|Win32.ActiveCfg = Debug|Win32
		{EDF23CBC-111C-38CC-9D4D-68220055C30B}.Debug|Win32.Build.0 = Debug|Win32
		{EDF23CBC-111C-38CC-9D4D-68220055C30B}.Release|Win32.ActiveCfg = Release|Win32
		{EDF23CBC-111C-38CC-9D4D-68220055C30B}.Release|Win32.Build.0 = Release|Win32
		{EDF23CBC-111C-38CC-9D4D-68220055C30B}.MinSizeRel|Win32.ActiveCfg = MinSizeRel|Win32
		{EDF23CBC-111C-38CC-9D4D-68220055C30B}.MinSizeRel|Win32.Build.0 = MinSizeRel|Win32
		{EDF23CBC-111C-38CC-9D4D-68220055C30B}.RelWithDebInfo|Win32.ActiveCfg = RelWithDebInfo|Win32
		{EDF23CBC-111C-38CC-9D4D-68220055C30B}.RelWithDebInfo|Win32.Build.0 = RelWithDebInfo|Win32
		{C1D28BD0-0670-32BF-9A01-CD08482154F8}.Debug|Win32.ActiveCfg = Debug|Win32
		{C1D28BD0-0670-32BF-9A01-CD08482154F8}.Debug|Win32.Build.0 = Debug|Win32
		{C1D28BD0-0670-32BF-9A01-CD08482154F8}.Release|Win32.ActiveCfg = Release|Win32
		{C1D28BD0-0670-32BF-9A01-CD08482154F8}.Release|Win32.Build.0 = Release|Win32
		{C1D28BD0-0670-32BF-9A01-CD08482154F8}.MinSizeRel|Win32.ActiveCfg = MinSizeRel|Win32
		{C1D28BD0-0670-32BF-9A01-CD08482154F8}.MinSizeRel|Win32.Build.0 = MinSizeRel|Win32
		{C1D28BD0-0670-32BF-9A01-CD08482154F8}.RelWithDebInfo|Win32.ActiveCfg = RelWithDebInfo|Win32
		{C1D28BD0-0670-32BF-9A01-CD08482154F8}.RelWithDebInfo|Win32.Build.0 = RelWithDebInfo|Win32
		{3FEDFD70-50C8-3A77-B99A-691CEFEC0C7B}.Debug|Win32.ActiveCfg = Debug|Win32
		{3FEDFD70-50C8-3A77-B99A-691CEFEC0C7B}.Debug|Win32.Build.0 = Debug|Win32
		{3FEDFD70-50C8-3A77-B99A-691CEFEC0C7B}.Release|Win32.ActiveCfg = Release|Win32
		{3FEDFD70-50C8-3A77-B99A-691CEFEC0C7B}.Release|Win32.Build.0 = Release|Win32
		{3FEDFD70-50C8-3A77-B99A-691CEFEC0C7B}.MinSizeRel|Win32.ActiveCfg = MinSizeRel|Win32
		{3FEDFD70-50C8-3A77-B99A-691CEFEC0C7B}.MinSizeRel|Win32.Build.0 = MinSizeRel|Win32
		{3FEDFD70-50C8-3A77-B99A-691CEFEC0C7B}.RelWithDebInfo|Win32.ActiveCfg = RelWithDebInfo|Win32
		{3FEDFD70-50C8-3A77-B99A-691CEFEC0C7B}.RelWithDebInfo|Win32.Build.0 = RelWithDebInfo|Win32
		{52998F72-AF9F-350B-A463-969A504144E4}.Debug|Win32.ActiveCfg = Debug|Win32
		{52998F72-AF9F-350B-A463-969A504144E4}.Debug|Win32.Build.0 = Debug|Win32
		{52998F72-AF9F-350B-A463-969A504144E4}.Release|Win32.ActiveCfg = Release|Win32
		{52998F72-AF9F-350B-A463-969A504144E4}.Release|Win32.Build.0 = Release|Win32
		{52998F72-AF9F-350B-A463-969A504144E4}.MinSizeRel|Win32.ActiveCfg = MinSizeRel|Win32
		{52998F72-AF9F-350B-A463-969A504144E4}.MinSizeRel|Win32.Build.0 = MinSizeRel|Win32
		{52998F72-AF9F-350B-A463-969A504144E4}.RelWithDebInfo|Win32.ActiveCfg = RelWithDebInfo|Win32
		{52998F72-AF9F-350B-A463-969A504144E4}.RelWithDebInfo|Win32.Build.0 = RelWithDebInfo|Win32
		{0EA247E9-66C9-3806-936B-66E0E569CE6F}.Debug|Win32.ActiveCfg = Debug|Win32
		{0EA247E9-66C9-3806-936B-66E0E569CE6F}.Debug|Win32.Build.0 = Debug|Win32
		{0EA247E9-66C9-3806-936B-66E0E569CE6F}.Release|Win32.ActiveCfg = Release|Win32
		{0EA247E9-66C9-3806-936B-66E0E569CE6F}.Release|Win32.Build.0 = Release|Win32
		{0EA247E9-66C9-3806-936B-66E0E569CE6F}.MinSizeRel|Win32.ActiveCfg = MinSizeRel|Win32
		{0EA247E9-66C9-3806-936B-66E0E569CE6F}.MinSizeRel|Win32.Build.0 = MinSizeRel|Win32
		{0EA247E9-66C9-3806-936B-66E0E569CE6F}.RelWithDebInfo|Win32.ActiveCfg = RelWithDebInfo|Win32
		{0EA247E9-66C9-3806-936B-66E0E569CE6F}.RelWithDebInfo|Win32.Build.0 = RelWithDebInfo|Win32
	EndGlobalSection
	GlobalSection(ExtensibilityGlobals) = postSolution
	EndGlobalSection
	GlobalSection(ExtensibilityAddIns) = postSolution
	EndGlobalSection
EndGlobal
