Microsoft Visual Studio Solution File, Format Version 12.00
# Visual Studio 14
Project("{8BC9CEB8-8B4A-11D0-8D11-00A0C91BC942}") = "ALL_BUILD", "ALL_BUILD.vcxproj", "{8A76BFAD-ED2B-3D1E-B9FB-928331057681}"
	ProjectSection(ProjectDependencies) = postProject
		{EDF23CBC-111C-38CC-9D4D-68220055C30B} = {EDF23CBC-111C-38CC-9D4D-68220055C30B}
		{C1D28BD0-0670-32BF-9A01-CD08482154F8} = {C1D28BD0-0670-32BF-9A01-CD08482154F8}
	EndProjectSection
EndProject
Project("{8BC9CEB8-8B4A-11D0-8D11-00A0C91BC942}") = "ZERO_CHECK", "ZERO_CHECK.vcxproj", "{EDF23CBC-111C-38CC-9D4D-68220055C30B}"
	ProjectSection(ProjectDependencies) = postProject
	EndProjectSection
EndProject
Project("{8BC9CEB8-8B4A-11D0-8D11-00A0C91BC942}") = "calq", "calq.vcxproj", "{C1D28BD0-0670-32BF-9A01-CD08482154F8}"
	ProjectSection(ProjectDependencies) = postProject
		{EDF23CBC-111C-38CC-9D4D-68220055C30B} = {EDF23CBC-111C-38CC-9D4D-68220055C30B}
		{3FEDFD70-50C8-3A77-B99A-691CEFEC0C7B} = {3FEDFD70-50C8-3A77-B99A-691CEFEC0C7B}
		{52998F72-AF9F-350B-A463-969A504144E4} = {52998F72-AF9F-350B-A463-969A504144E4}
		{0EA247E9-66C9-3806-936B-66E0E569CE6F} = {0EA247E9-66C9-3806-936B-66E0E569CE6F}
	EndProjectSection
EndProject
Project("{8BC9CEB8-8B4A-11D0-8D11-00A0C91BC942}") = "git", "git.vcxproj", "{3FEDFD70-50C8-3A77-B99A-691CEFEC0C7B}"
	ProjectSection(ProjectDependencies) = postProject
		{EDF23CBC-111C-38CC-9D4D-68220055C30B} = {EDF23CBC-111C-38CC-9D4D-68220055C30B}
	EndProjectSection
EndProject
Project("{8BC9CEB8-8B4A-11D0-8D11-00A0C91BC942}") = "timestamp", "timestamp.vcxproj", "{52998F72-AF9F-350B-A463-969A504144E4}"
	ProjectSection(ProjectDependencies) = postProject
		{EDF23CBC-111C-38CC-9D4D-68220055C30B} = {EDF23CBC-111C-38CC-9D4D-68220055C30B}
	EndProjectSection
EndProject
Project("{8BC9CEB8-8B4A-11D0-8D11-00A0C91BC942}") = "version", "version.vcxproj", "{0EA247E9-66C9-3806-936B-66E0E569CE6F}"
	ProjectSection(ProjectDependencies) = postProject
		{EDF23CBC-111C-38CC-9D4D-68220055C30B} = {EDF23CBC-111C-38CC-9D4D-68220055C30B}
	EndProjectSection
EndProject
Global
	GlobalSection(SolutionConfigurationPlatforms) = preSolution
		Debug|x64 = Debug|x64
		Release|x64 = Release|x64
		MinSizeRel|x64 = MinSizeRel|x64
		RelWithDebInfo|x64 = RelWithDebInfo|x64
	EndGlobalSection
	GlobalSection(ProjectConfigurationPlatforms) = postSolution
		{8A76BFAD-ED2B-3D1E-B9FB-928331057681}.Debug|x64.ActiveCfg = Debug|x64
		{8A76BFAD-ED2B-3D1E-B9FB-928331057681}.Release|x64.ActiveCfg = Release|x64
		{8A76BFAD-ED2B-3D1E-B9FB-928331057681}.MinSizeRel|x64.ActiveCfg = MinSizeRel|x64
		{8A76BFAD-ED2B-3D1E-B9FB-928331057681}.RelWithDebInfo|x64.ActiveCfg = RelWithDebInfo|x64
		{EDF23CBC-111C-38CC-9D4D-68220055C30B}.Debug|x64.ActiveCfg = Debug|x64
		{EDF23CBC-111C-38CC-9D4D-68220055C30B}.Debug|x64.Build.0 = Debug|x64
		{EDF23CBC-111C-38CC-9D4D-68220055C30B}.Release|x64.ActiveCfg = Release|x64
		{EDF23CBC-111C-38CC-9D4D-68220055C30B}.Release|x64.Build.0 = Release|x64
		{EDF23CBC-111C-38CC-9D4D-68220055C30B}.MinSizeRel|x64.ActiveCfg = MinSizeRel|x64
		{EDF23CBC-111C-38CC-9D4D-68220055C30B}.MinSizeRel|x64.Build.0 = MinSizeRel|x64
		{EDF23CBC-111C-38CC-9D4D-68220055C30B}.RelWithDebInfo|x64.ActiveCfg = RelWithDebInfo|x64
		{EDF23CBC-111C-38CC-9D4D-68220055C30B}.RelWithDebInfo|x64.Build.0 = RelWithDebInfo|x64
		{C1D28BD0-0670-32BF-9A01-CD08482154F8}.Debug|x64.ActiveCfg = Debug|x64
		{C1D28BD0-0670-32BF-9A01-CD08482154F8}.Debug|x64.Build.0 = Debug|x64
		{C1D28BD0-0670-32BF-9A01-CD08482154F8}.Release|x64.ActiveCfg = Release|x64
		{C1D28BD0-0670-32BF-9A01-CD08482154F8}.Release|x64.Build.0 = Release|x64
		{C1D28BD0-0670-32BF-9A01-CD08482154F8}.MinSizeRel|x64.ActiveCfg = MinSizeRel|x64
		{C1D28BD0-0670-32BF-9A01-CD08482154F8}.MinSizeRel|x64.Build.0 = MinSizeRel|x64
		{C1D28BD0-0670-32BF-9A01-CD08482154F8}.RelWithDebInfo|x64.ActiveCfg = RelWithDebInfo|x64
		{C1D28BD0-0670-32BF-9A01-CD08482154F8}.RelWithDebInfo|x64.Build.0 = RelWithDebInfo|x64
		{3FEDFD70-50C8-3A77-B99A-691CEFEC0C7B}.Debug|x64.ActiveCfg = Debug|x64
		{3FEDFD70-50C8-3A77-B99A-691CEFEC0C7B}.Debug|x64.Build.0 = Debug|x64
		{3FEDFD70-50C8-3A77-B99A-691CEFEC0C7B}.Release|x64.ActiveCfg = Release|x64
		{3FEDFD70-50C8-3A77-B99A-691CEFEC0C7B}.Release|x64.Build.0 = Release|x64
		{3FEDFD70-50C8-3A77-B99A-691CEFEC0C7B}.MinSizeRel|x64.ActiveCfg = MinSizeRel|x64
		{3FEDFD70-50C8-3A77-B99A-691CEFEC0C7B}.MinSizeRel|x64.Build.0 = MinSizeRel|x64
		{3FEDFD70-50C8-3A77-B99A-691CEFEC0C7B}.RelWithDebInfo|x64.ActiveCfg = RelWithDebInfo|x64
		{3FEDFD70-50C8-3A77-B99A-691CEFEC0C7B}.RelWithDebInfo|x64.Build.0 = RelWithDebInfo|x64
		{52998F72-AF9F-350B-A463-969A504144E4}.Debug|x64.ActiveCfg = Debug|x64
		{52998F72-AF9F-350B-A463-969A504144E4}.Debug|x64.Build.0 = Debug|x64
		{52998F72-AF9F-350B-A463-969A504144E4}.Release|x64.ActiveCfg = Release|x64
		{52998F72-AF9F-350B-A463-969A504144E4}.Release|x64.Build.0 = Release|x64
		{52998F72-AF9F-350B-A463-969A504144E4}.MinSizeRel|x64.ActiveCfg = MinSizeRel|x64
		{52998F72-AF9F-350B-A463-969A504144E4}.MinSizeRel|x64.Build.0 = MinSizeRel|x64
		{52998F72-AF9F-350B-A463-969A504144E4}.RelWithDebInfo|x64.ActiveCfg = RelWithDebInfo|x64
		{52998F72-AF9F-350B-A463-969A504144E4}.RelWithDebInfo|x64.Build.0 = RelWithDebInfo|x64
		{0EA247E9-66C9-3806-936B-66E0E569CE6F}.Debug|x64.ActiveCfg = Debug|x64
		{0EA247E9-66C9-3806-936B-66E0E569CE6F}.Debug|x64.Build.0 = Debug|x64
		{0EA247E9-66C9-3806-936B-66E0E569CE6F}.Release|x64.ActiveCfg = Release|x64
		{0EA247E9-66C9-3806-936B-66E0E569CE6F}.Release|x64.Build.0 = Release|x64
		{0EA247E9-66C9-3806-936B-66E0E569CE6F}.MinSizeRel|x64.ActiveCfg = MinSizeRel|x64
		{0EA247E9-66C9-3806-936B-66E0E569CE6F}.MinSizeRel|x64.Build.0 = MinSizeRel|x64
		{0EA247E9-66C9-3806-936B-66E0E569CE6F}.RelWithDebInfo|x64.ActiveCfg = RelWithDebInfo|x64
		{0EA247E9-66C9-3806-936B-66E0E569CE6F}.RelWithDebInfo|x64.Build.0 = RelWithDebInfo|x64
	EndGlobalSection
	GlobalSection(ExtensibilityGlobals) = postSolution
	EndGlobalSection
	GlobalSection(ExtensibilityAddIns) = postSolution
	EndGlobalSection
EndGlobal
