<?xml version="1.0" encoding="UTF-8"?>
<Project ToolsVersion="14.0" xmlns="http://schemas.microsoft.com/developer/msbuild/2003">
  <ItemGroup>
    <CustomBuild Include="C:\Users\Jan Voges\Git\calq\CMakeLists.txt" />
    <CustomBuild Include="C:\Users\Jan Voges\Git\calq\build_win_msvc\CMakeFiles\ee36c586ff25dc2b7af7c7830b5541e9\version.rule">
      <Filter>CMake Rules</Filter>
    </CustomBuild>
  </ItemGroup>
  <ItemGroup>
    <None Include="C:\Users\Jan Voges\Git\calq\build_win_msvc\CMakeFiles\version" />
  </ItemGroup>
  <ItemGroup>
    <Filter Include="CMake Rules">
      <UniqueIdentifier>{80BF7424-AC3D-39A2-BED0-56BD8EE63590}</UniqueIdentifier>
    </Filter>
  </ItemGroup>
</Project>
