<?xml version="1.0" encoding="utf-8"?>
<Project ToolsVersion="4.0" xmlns="http://schemas.microsoft.com/developer/msbuild/2003">
  <ItemGroup>
    <Filter Include="Source Files">
      <UniqueIdentifier>{67b04f91-279e-4282-8c0f-750ceabd9eab}</UniqueIdentifier>
    </Filter>
    <Filter Include="Header Files">
      <UniqueIdentifier>{d7c6e4d1-c8e7-4665-8a49-6b67b1866808}</UniqueIdentifier>
    </Filter>
  </ItemGroup>
  <ItemGroup>
    <ClCompile Include="tester.cpp">
      <Filter>Source Files</Filter>
    </ClCompile>
  </ItemGroup>
  <ItemGroup>
    <ClInclude Include="bitio.h">
      <Filter>Header Files</Filter>
    </ClInclude>
    <ClInclude Include="byteio.h">
      <Filter>Header Files</Filter>
    </ClInclude>
    <ClInclude Include="compressor.h">
      <Filter>Header Files</Filter>
    </ClInclude>
    <ClInclude Include="decompressor.h">
      <Filter>Header Files</Filter>
    </ClInclude>
    <ClInclude Include="model_metrics.h">
      <Filter>Header Files</Filter>
    </ClInclude>
    <ClInclude Include="modelA.h">
      <Filter>Header Files</Filter>
    </ClInclude>
  </ItemGroup>
</Project>